
Microsoft Visual Studio Solution File, Format Version 12.00
# Visual Studio Version 16
VisualStudioVersion = 16.0.29519.87
MinimumVisualStudioVersion = 10.0.40219.1
Project("{FAE04EC0-301F-11D3-BF4B-00C04F79EFBC}") = "LeftToDo", "LeftToDo\LeftToDo.csproj", "{2BF9CB3A-458F-4710-8668-8109C2479F07}"
EndProject
Global
	GlobalSection(SolutionConfigurationPlatforms) = preSolution
		Debug|Any CPU = Debug|Any CPU
		Release|Any CPU = Release|Any CPU
	EndGlobalSection
	GlobalSection(ProjectConfigurationPlatforms) = postSolution
		{2BF9CB3A-458F-4710-8668-8109C2479F07}.Debug|Any CPU.ActiveCfg = Debug|Any CPU
		{2BF9CB3A-458F-4710-8668-8109C2479F07}.Debug|Any CPU.Build.0 = Debug|Any CPU
		{2BF9CB3A-458F-4710-8668-8109C2479F07}.Release|Any CPU.ActiveCfg = Release|Any CPU
		{2BF9CB3A-458F-4710-8668-8109C2479F07}.Release|Any CPU.Build.0 = Release|Any CPU
	EndGlobalSection
	GlobalSection(SolutionProperties) = preSolution
		HideSolutionNode = FALSE
	EndGlobalSection
	GlobalSection(ExtensibilityGlobals) = postSolution
		SolutionGuid = {6B1E3FA7-40F2-4D6C-ADC3-F7465EEE6681}
	EndGlobalSection
EndGlobal
